{
  "name": "aura",
  "version": "1.0.0",
  "lockfileVersion": 2,
  "requires": true,
  "packages": {
    "": {
      "name": "aura",
      "version": "1.0.0",
      "license": "ISC",
      "dependencies": {
        "bobril": "^19.0.0"
      }
    },
    "node_modules/bobril": {
      "version": "19.0.0",
      "resolved": "https://registry.npmjs.org/bobril/-/bobril-19.0.0.tgz",
      "integrity": "sha512-9EaX6W6UQ95O7DpamjYqQTVIYuksfIq7VitcSBNfUJNJVgklL6n1QWL85nFZKTEOTtB/4D9DopgLyCnEH1bcHg=="
    }
  },
  "dependencies": {
    "bobril": {
      "version": "19.0.0",
      "resolved": "https://registry.npmjs.org/bobril/-/bobril-19.0.0.tgz",
      "integrity": "sha512-9EaX6W6UQ95O7DpamjYqQTVIYuksfIq7VitcSBNfUJNJVgklL6n1QWL85nFZKTEOTtB/4D9DopgLyCnEH1bcHg=="
    }
  }
}
